PODS:
  - Bolts (1.8.4):
    - Bolts/AppLinks (= 1.8.4)
    - Bolts/Tasks (= 1.8.4)
  - Bolts/AppLinks (1.8.4):
    - Bolts/Tasks
  - Bolts/Tasks (1.8.4)
  - FBSDKCoreKit (4.20.0):
    - Bolts (~> 1.7)
  - FBSDKLoginKit (4.20.0):
    - FBSDKCoreKit
  - FBSDKShareKit (4.20.0):
    - FBSDKCoreKit
  - Firebase/AdMob (3.14.0):
    - Firebase/Core
    - Google-Mobile-Ads-SDK (= 7.18.0)
  - Firebase/AppIndexing (3.14.0):
    - Firebase/Core
    - FirebaseAppIndexing (= 1.2.0)
  - Firebase/Auth (3.14.0):
    - Firebase/Core
    - FirebaseAuth (= 3.1.1)
  - Firebase/Core (3.14.0):
    - FirebaseAnalytics (= 3.7.0)
    - FirebaseCore (= 3.5.1)
  - Firebase/Crash (3.14.0):
    - Firebase/Core
    - FirebaseCrash (= 1.1.6)
  - Firebase/Database (3.14.0):
    - Firebase/Core
    - FirebaseDatabase (= 3.1.2)
  - Firebase/DynamicLinks (3.14.0):
    - Firebase/Core
    - FirebaseDynamicLinks (= 1.3.3)
  - Firebase/Invites (3.14.0):
    - Firebase/Core
    - FirebaseInvites (= 1.2.4)
  - Firebase/Messaging (3.14.0):
    - Firebase/Core
    - FirebaseMessaging (= 1.2.2)
  - Firebase/RemoteConfig (3.14.0):
    - Firebase/Core
    - FirebaseRemoteConfig (= 1.3.4)
  - Firebase/Storage (3.14.0):
    - Firebase/Core
    - FirebaseStorage (= 1.1.0)
  - FirebaseAnalytics (3.7.0):
    - FirebaseCore (~> 3.5)
    - FirebaseInstanceID (~> 1.0)
    - GoogleToolboxForMac/NSData+zlib (~> 2.1)
  - FirebaseAppIndexing (1.2.0)
  - FirebaseAuth (3.1.1):
    - FirebaseAnalytics (~> 3.7)
    - GoogleToolboxForMac/NSDictionary+URLArguments (~> 2.1)
    - GTMSessionFetcher/Core (~> 1.1)
  - FirebaseCore (3.5.1):
    - GoogleToolboxForMac/NSData+zlib (~> 2.1)
  - FirebaseCrash (1.1.6):
    - FirebaseAnalytics (~> 3.7)
    - FirebaseInstanceID (~> 1.0)
    - GoogleToolboxForMac/Logger (~> 2.1)
    - GoogleToolboxForMac/NSData+zlib (~> 2.1)
    - Protobuf (~> 3.1)
  - FirebaseDatabase (3.1.2):
    - FirebaseAnalytics (~> 3.7)
  - FirebaseDynamicLinks (1.3.3):
    - FirebaseAnalytics (~> 3.7)
  - FirebaseInstanceID (1.0.9)
  - FirebaseInvites (1.2.4):
    - FirebaseAnalytics (~> 3.7)
    - FirebaseDynamicLinks (~> 1.3)
    - GoogleAPIClientForREST (~> 1.0)
    - GoogleSignIn (~> 4.0)
    - GoogleToolboxForMac/Logger (~> 2.1)
    - GoogleToolboxForMac/NSDictionary+URLArguments (~> 2.1)
    - GoogleToolboxForMac/NSString+URLArguments (~> 2.1)
    - GoogleToolboxForMac/StringEncoding (~> 2.1)
    - GoogleToolboxForMac/URLBuilder (~> 2.1)
    - GTMOAuth2 (~> 1.0)
    - GTMSessionFetcher/Core (~> 1.1)
    - GTMSessionFetcher/Full (~> 1.1)
    - Protobuf (~> 3.1)
  - FirebaseMessaging (1.2.2):
    - FirebaseAnalytics (~> 3.7)
    - FirebaseInstanceID (~> 1.0)
    - GoogleToolboxForMac/Logger (~> 2.1)
    - Protobuf (~> 3.1)
  - FirebaseRemoteConfig (1.3.4):
    - FirebaseAnalytics (~> 3.7)
    - FirebaseInstanceID (~> 1.0)
    - GoogleToolboxForMac/NSData+zlib (~> 2.1)
    - Protobuf (~> 3.1)
  - FirebaseStorage (1.1.0):
    - FirebaseAnalytics (~> 3.7)
    - GTMSessionFetcher/Core (~> 1.1)
  - Google-Mobile-Ads-SDK (7.18.0)
  - GoogleAPIClientForREST (1.2.0):
    - GoogleAPIClientForREST/Core (= 1.2.0)
    - GTMSessionFetcher (>= 1.1.7)
  - GoogleAPIClientForREST/Core (1.2.0):
    - GTMSessionFetcher (>= 1.1.7)
  - GoogleSignIn (4.0.2):
    - GoogleToolboxForMac/NSDictionary+URLArguments (~> 2.1)
    - GoogleToolboxForMac/NSString+URLArguments (~> 2.1)
    - GTMOAuth2 (~> 1.0)
    - GTMSessionFetcher/Core (~> 1.1)
  - GoogleToolboxForMac/Core (2.1.1):
    - GoogleToolboxForMac/Defines (= 2.1.1)
  - GoogleToolboxForMac/DebugUtils (2.1.1):
    - GoogleToolboxForMac/Defines (= 2.1.1)
  - GoogleToolboxForMac/Defines (2.1.1)
  - GoogleToolboxForMac/Logger (2.1.1):
    - GoogleToolboxForMac/Defines (= 2.1.1)
  - GoogleToolboxForMac/NSData+zlib (2.1.1):
    - GoogleToolboxForMac/Defines (= 2.1.1)
  - GoogleToolboxForMac/NSDictionary+URLArguments (2.1.1):
    - GoogleToolboxForMac/DebugUtils (= 2.1.1)
    - GoogleToolboxForMac/Defines (= 2.1.1)
    - GoogleToolboxForMac/NSString+URLArguments (= 2.1.1)
  - GoogleToolboxForMac/NSString+URLArguments (2.1.1)
  - GoogleToolboxForMac/StringEncoding (2.1.1):
    - GoogleToolboxForMac/Defines (= 2.1.1)
  - GoogleToolboxForMac/URLBuilder (2.1.1):
    - GoogleToolboxForMac/Core (= 2.1.1)
    - GoogleToolboxForMac/Defines (= 2.1.1)
    - GoogleToolboxForMac/NSDictionary+URLArguments (= 2.1.1)
    - GoogleToolboxForMac/NSString+URLArguments (= 2.1.1)
  - GTMOAuth2 (1.1.4):
    - GTMSessionFetcher (~> 1.1)
  - GTMSessionFetcher (1.1.8):
    - GTMSessionFetcher/Full (= 1.1.8)
  - GTMSessionFetcher/Core (1.1.8)
  - GTMSessionFetcher/Full (1.1.8):
    - GTMSessionFetcher/Core (= 1.1.8)
  - IQKeyboardManagerSwift (4.0.8)
  - JSQMessagesViewController (7.3.4):
    - JSQSystemSoundPlayer (~> 2.0.1)
  - JSQSystemSoundPlayer (2.0.1)
  - Material (2.5.2):
    - Material/Core (= 2.5.2)
  - Material/Core (2.5.2)
  - Protobuf (3.2.0)
  - RecordButton (1.0.2)
  - SwipeableTabBarController (1.0.4)

DEPENDENCIES:
  - FBSDKCoreKit
  - FBSDKLoginKit
  - FBSDKShareKit
  - Firebase/AdMob
  - Firebase/AppIndexing
  - Firebase/Auth
  - Firebase/Core
  - Firebase/Crash
  - Firebase/Database
  - Firebase/DynamicLinks
  - Firebase/Invites
  - Firebase/Messaging
  - Firebase/RemoteConfig
  - Firebase/Storage
  - IQKeyboardManagerSwift
  - JSQMessagesViewController
  - Material
  - RecordButton
  - SwipeableTabBarController

SPEC CHECKSUMS:
  Bolts: 8a7995239dbe724f9cba2248b766d48b7ebdd322
  FBSDKCoreKit: 2d16979b28fe28c2b95af0d275ad5f9703c6c8de
  FBSDKLoginKit: a9d9391506c687e2304a590bf9312837fce7f375
  FBSDKShareKit: 1b91af62a603d67f392bc7fde63bc4a0705dde31
  Firebase: 85a581fb04e44f63ae9f4fbc8d6dabf4a4c18653
  FirebaseAnalytics: 0d1b7d81d5021155be37702a94ba1ec16d45365d
  FirebaseAppIndexing: d0fa52ce0ad13f4b5b2f09e4b47fb0dc2213f4e9
  FirebaseAuth: cc8a1824170adbd351edb7f994490a3fb5c18be6
  FirebaseCore: 225d40532489835a034b8f4e2c9c87fbf4f615a2
  FirebaseCrash: db4c05d9c75baa050744d31b36357c8f1efba481
  FirebaseDatabase: 05c96d7b43a7368dc91c07791adb49683e1738d1
  FirebaseDynamicLinks: f0d025dd29a1d70418c003344813b67ab748ffb9
  FirebaseInstanceID: 2d0518b1378fe9d685ef40cbdd63d2fdc1125339
  FirebaseInvites: d50fe8a5ddfa0770ad80f003fdf66b7b0508a6a7
  FirebaseMessaging: df8267f378580a24174ce7861233aa11d5c90109
  FirebaseRemoteConfig: af3003f4e8daa2bd1d5cf90d3cccc1fe224f8ed9
  FirebaseStorage: a5c55b23741a49a72af8f30f95b3bb5ddbeda12d
  Google-Mobile-Ads-SDK: 658065b4cb5a299bea254c4d24bf7786b6d3e75d
  GoogleAPIClientForREST: 9e5fd600a06c38abf92b5db337c5df2cfb95ee12
  GoogleSignIn: d7ad83f13480e1f30453471d00d19b5293ac46af
  GoogleToolboxForMac: 8e329f1b599f2512c6b10676d45736bcc2cbbeb0
  GTMOAuth2: 7fc9c10f5c745f4d9850419ea88889fe3baa6b7d
  GTMSessionFetcher: 6f8d8b28b7e345549ac471071608170b31cb4977
  IQKeyboardManagerSwift: c04bc9f68473823f825eb44d958fce98d921bead
  JSQMessagesViewController: 39fed975e3c9f8eba7292071e29eeb541d105e66
  JSQSystemSoundPlayer: c5850e77a4363ffd374cd851154b9af93264ed8d
  Material: 00ae261fa04dd3f3f8584d07e44ac658fa1bc6fd
  Protobuf: 745f59e122e5de98d4d7ef291e264a0eef80f58e
  RecordButton: 76677be0f4b94f8a387454a23b4b64bd9b6c0e51
  SwipeableTabBarController: a52688ad47614ba98611df30a788202db90620fe

PODFILE CHECKSUM: b6a2bd598cb61e2a31ba2d0c984ecbacc78045f9

COCOAPODS: 1.2.0
